
Microsoft Visual Studio Solution File, Format Version 12.00
# Visual Studio 15
VisualStudioVersion = 15.0.28307.421
MinimumVisualStudioVersion = 10.0.40219.1
Project("{2150E333-8FDC-42A3-9474-1A3956D46DE8}") = "src", "src", "{B27BB6D4-D196-4BEB-A226-4EF91371D300}"
EndProject
Project("{2150E333-8FDC-42A3-9474-1A3956D46DE8}") = "test", "test", "{745F23FA-5FD4-480E-AD1E-82E820BD1687}"
EndProject
Project("{FAE04EC0-301F-11D3-BF4B-00C04F79EFBC}") = "Sino.AliyunApi", "src\Sino.AliyunApi\Sino.AliyunApi.csproj", "{C7F9BC80-9154-4CF6-964A-9146BF6A928C}"
EndProject
Global
	GlobalSection(SolutionConfigurationPlatforms) = preSolution
		Debug|Any CPU = Debug|Any CPU
		Release|Any CPU = Release|Any CPU
	EndGlobalSection
	GlobalSection(ProjectConfigurationPlatforms) = postSolution
		{C7F9BC80-9154-4CF6-964A-9146BF6A928C}.Debug|Any CPU.ActiveCfg = Debug|Any CPU
		{C7F9BC80-9154-4CF6-964A-9146BF6A928C}.Debug|Any CPU.Build.0 = Debug|Any CPU
		{C7F9BC80-9154-4CF6-964A-9146BF6A928C}.Release|Any CPU.ActiveCfg = Release|Any CPU
		{C7F9BC80-9154-4CF6-964A-9146BF6A928C}.Release|Any CPU.Build.0 = Release|Any CPU
	EndGlobalSection
	GlobalSection(SolutionProperties) = preSolution
		HideSolutionNode = FALSE
	EndGlobalSection
	GlobalSection(NestedProjects) = preSolution
		{C7F9BC80-9154-4CF6-964A-9146BF6A928C} = {B27BB6D4-D196-4BEB-A226-4EF91371D300}
	EndGlobalSection
	GlobalSection(ExtensibilityGlobals) = postSolution
		SolutionGuid = {15FBC374-9A73-41FE-878F-2537C9E22306}
	EndGlobalSection
EndGlobal
